{
  "name": "a_web-based_input-overlay",
  "lockfileVersion": 3,
  "requires": true,
  "packages": {
    "": {
      "dependencies": {
        "electron-serve": "^3.0.0"
      }
    },
    "node_modules/electron-serve": {
      "version": "3.0.0",
      "resolved": "https://registry.npmjs.org/electron-serve/-/electron-serve-3.0.0.tgz",
      "integrity": "sha512-lRN7xhNx8mtuFcXWqJhqVYsk0YsHvDqIIJd+NM7h+s5UBSBmwTUCozbGLqEuT4nSAigmbVVeuL3vo42RmwzlzA==",
      "license": "MIT",
      "engines": {
        "node": ">=20"
      },
      "funding": {
        "url": "https://github.com/sponsors/sindresorhus"
      }
    }
  }
}
